
Microsoft Visual Studio Solution File, Format Version 12.00
# Visual Studio Version 16
VisualStudioVersion = 16.0.30907.101
MinimumVisualStudioVersion = 10.0.40219.1
Project("{FAE04EC0-301F-11D3-BF4B-00C04F79EFBC}") = "Com.Cognizant.Truyum.Model", "Com.Cognizant.Truyum.Model\Com.Cognizant.Truyum.Model.csproj", "{9916BA89-0BC5-490C-B5B1-9611D8B854B1}"
EndProject
Global
	GlobalSection(SolutionConfigurationPlatforms) = preSolution
		Debug|Any CPU = Debug|Any CPU
		Release|Any CPU = Release|Any CPU
	EndGlobalSection
	GlobalSection(ProjectConfigurationPlatforms) = postSolution
		{9916BA89-0BC5-490C-B5B1-9611D8B854B1}.Debug|Any CPU.ActiveCfg = Debug|Any CPU
		{9916BA89-0BC5-490C-B5B1-9611D8B854B1}.Debug|Any CPU.Build.0 = Debug|Any CPU
		{9916BA89-0BC5-490C-B5B1-9611D8B854B1}.Release|Any CPU.ActiveCfg = Release|Any CPU
		{9916BA89-0BC5-490C-B5B1-9611D8B854B1}.Release|Any CPU.Build.0 = Release|Any CPU
	EndGlobalSection
	GlobalSection(SolutionProperties) = preSolution
		HideSolutionNode = FALSE
	EndGlobalSection
	GlobalSection(ExtensibilityGlobals) = postSolution
		SolutionGuid = {3A3DD4F4-8B98-445A-AFD5-5FB650769883}
	EndGlobalSection
EndGlobal
