
Microsoft Visual Studio Solution File, Format Version 12.00
# Visual Studio Version 16
VisualStudioVersion = 16.0.30907.101
MinimumVisualStudioVersion = 10.0.40219.1
Project("{FAE04EC0-301F-11D3-BF4B-00C04F79EFBC}") = "Com.Cognizant.Truyum.Dao", "Com.Cognizant.Truyum.Dao\Com.Cognizant.Truyum.Dao.csproj", "{089C6D96-3040-4CF2-9A78-AE2E7DFB7A8C}"
EndProject
Global
	GlobalSection(SolutionConfigurationPlatforms) = preSolution
		Debug|Any CPU = Debug|Any CPU
		Release|Any CPU = Release|Any CPU
	EndGlobalSection
	GlobalSection(ProjectConfigurationPlatforms) = postSolution
		{089C6D96-3040-4CF2-9A78-AE2E7DFB7A8C}.Debug|Any CPU.ActiveCfg = Debug|Any CPU
		{089C6D96-3040-4CF2-9A78-AE2E7DFB7A8C}.Debug|Any CPU.Build.0 = Debug|Any CPU
		{089C6D96-3040-4CF2-9A78-AE2E7DFB7A8C}.Release|Any CPU.ActiveCfg = Release|Any CPU
		{089C6D96-3040-4CF2-9A78-AE2E7DFB7A8C}.Release|Any CPU.Build.0 = Release|Any CPU
	EndGlobalSection
	GlobalSection(SolutionProperties) = preSolution
		HideSolutionNode = FALSE
	EndGlobalSection
	GlobalSection(ExtensibilityGlobals) = postSolution
		SolutionGuid = {940767E7-78FD-4650-819A-3999B3D42EBB}
	EndGlobalSection
EndGlobal
